
Microsoft Visual Studio Solution File, Format Version 12.00
# Visual Studio Version 17
VisualStudioVersion = 17.14.36310.24 d17.14
MinimumVisualStudioVersion = 10.0.40219.1
Project("{FAE04EC0-301F-11D3-BF4B-00C04F79EFBC}") = "Clase_03", "Clase_03\Clase_03.csproj", "{BFDD12EB-1CC5-4AF9-8F3C-81EC850C6722}"
EndProject
Global
	GlobalSection(SolutionConfigurationPlatforms) = preSolution
		Debug|Any CPU = Debug|Any CPU
		Release|Any CPU = Release|Any CPU
	EndGlobalSection
	GlobalSection(ProjectConfigurationPlatforms) = postSolution
		{BFDD12EB-1CC5-4AF9-8F3C-81EC850C6722}.Debug|Any CPU.ActiveCfg = Debug|Any CPU
		{BFDD12EB-1CC5-4AF9-8F3C-81EC850C6722}.Debug|Any CPU.Build.0 = Debug|Any CPU
		{BFDD12EB-1CC5-4AF9-8F3C-81EC850C6722}.Release|Any CPU.ActiveCfg = Release|Any CPU
		{BFDD12EB-1CC5-4AF9-8F3C-81EC850C6722}.Release|Any CPU.Build.0 = Release|Any CPU
	EndGlobalSection
	GlobalSection(SolutionProperties) = preSolution
		HideSolutionNode = FALSE
	EndGlobalSection
	GlobalSection(ExtensibilityGlobals) = postSolution
		SolutionGuid = {B416402C-399D-4DDE-A2C8-96D0EE628D9C}
	EndGlobalSection
EndGlobal
